
Microsoft Visual Studio Solution File, Format Version 12.00
# Visual Studio Version 16
VisualStudioVersion = 16.0.32228.343
MinimumVisualStudioVersion = 10.0.40219.1
Project("{FAE04EC0-301F-11D3-BF4B-00C04F79EFBC}") = "tasks", "tasks\tasks.csproj", "{C5335C27-8F1C-46FE-A1DF-8668726BFF98}"
EndProject
Global
	GlobalSection(SolutionConfigurationPlatforms) = preSolution
		Debug|Any CPU = Debug|Any CPU
		Release|Any CPU = Release|Any CPU
	EndGlobalSection
	GlobalSection(ProjectConfigurationPlatforms) = postSolution
		{C5335C27-8F1C-46FE-A1DF-8668726BFF98}.Debug|Any CPU.ActiveCfg = Debug|Any CPU
		{C5335C27-8F1C-46FE-A1DF-8668726BFF98}.Debug|Any CPU.Build.0 = Debug|Any CPU
		{C5335C27-8F1C-46FE-A1DF-8668726BFF98}.Release|Any CPU.ActiveCfg = Release|Any CPU
		{C5335C27-8F1C-46FE-A1DF-8668726BFF98}.Release|Any CPU.Build.0 = Release|Any CPU
	EndGlobalSection
	GlobalSection(SolutionProperties) = preSolution
		HideSolutionNode = FALSE
	EndGlobalSection
	GlobalSection(ExtensibilityGlobals) = postSolution
		SolutionGuid = {22A55E00-DB5D-4618-BEF7-D269DA4B8F63}
	EndGlobalSection
EndGlobal
